{
  "requires": true,
  "lockfileVersion": 1,
  "dependencies": {
    "@tarekraafat/autocomplete.js": {
      "version": "8.2.0",
      "resolved": "https://registry.npmjs.org/@tarekraafat/autocomplete.js/-/autocomplete.js-8.2.0.tgz",
      "integrity": "sha512-qsgf0kVWPS9ZyZ3MoJWyJmNR2c1sI/9vsXgA5xntUiaqjNzj7NcbdB3tMGHgWAMENySVtTXsHQrz7m+xCfQFTg=="
    },
    "muuri": {
      "version": "0.9.3",
      "resolved": "https://registry.npmjs.org/muuri/-/muuri-0.9.3.tgz",
      "integrity": "sha512-GZGTaHxYALCCH04mmxkZ6nVr5nq2Ur8dQfbxFtyejP4U8kjae/6ZE2A9bugRBWMUIuyGRQ9btROj0gV6jQqFpQ=="
    },
    "web-animations-js": {
      "version": "2.3.2",
      "resolved": "https://registry.npmjs.org/web-animations-js/-/web-animations-js-2.3.2.tgz",
      "integrity": "sha512-TOMFWtQdxzjWp8qx4DAraTWTsdhxVSiWa6NkPFSaPtZ1diKUxTn4yTix73A1euG1WbSOMMPcY51cnjTIHrGtDA=="
    }
  }
}
